
Microsoft Visual Studio Solution File, Format Version 12.00
# Visual Studio Version 16
VisualStudioVersion = 16.0.31019.35
MinimumVisualStudioVersion = 10.0.40219.1
Project("{FAE04EC0-301F-11D3-BF4B-00C04F79EFBC}") = "DeLosRiosCredit", "DeLosRiosCredit\DeLosRiosCredit.csproj", "{371F9DD6-14EE-4D6C-AB39-4F2AC36AAAC3}"
EndProject
Global
	GlobalSection(SolutionConfigurationPlatforms) = preSolution
		Debug|Any CPU = Debug|Any CPU
		Release|Any CPU = Release|Any CPU
	EndGlobalSection
	GlobalSection(ProjectConfigurationPlatforms) = postSolution
		{371F9DD6-14EE-4D6C-AB39-4F2AC36AAAC3}.Debug|Any CPU.ActiveCfg = Debug|Any CPU
		{371F9DD6-14EE-4D6C-AB39-4F2AC36AAAC3}.Debug|Any CPU.Build.0 = Debug|Any CPU
		{371F9DD6-14EE-4D6C-AB39-4F2AC36AAAC3}.Release|Any CPU.ActiveCfg = Release|Any CPU
		{371F9DD6-14EE-4D6C-AB39-4F2AC36AAAC3}.Release|Any CPU.Build.0 = Release|Any CPU
	EndGlobalSection
	GlobalSection(SolutionProperties) = preSolution
		HideSolutionNode = FALSE
	EndGlobalSection
	GlobalSection(ExtensibilityGlobals) = postSolution
		SolutionGuid = {D020A585-06D7-4C00-9AB2-8F5A06B428D2}
	EndGlobalSection
EndGlobal
